
Microsoft Visual Studio Solution File, Format Version 12.00
# Visual Studio Version 17
VisualStudioVersion = 17.3.32825.248
MinimumVisualStudioVersion = 10.0.40219.1
Project("{FAE04EC0-301F-11D3-BF4B-00C04F79EFBC}") = "Bol5_Ejer3", "Bol5_Ejer3\Bol5_Ejer3.csproj", "{3EB8ACAD-66DA-42EA-9265-78594967BB87}"
EndProject
Global
	GlobalSection(SolutionConfigurationPlatforms) = preSolution
		Debug|Any CPU = Debug|Any CPU
		Release|Any CPU = Release|Any CPU
	EndGlobalSection
	GlobalSection(ProjectConfigurationPlatforms) = postSolution
		{3EB8ACAD-66DA-42EA-9265-78594967BB87}.Debug|Any CPU.ActiveCfg = Debug|Any CPU
		{3EB8ACAD-66DA-42EA-9265-78594967BB87}.Debug|Any CPU.Build.0 = Debug|Any CPU
		{3EB8ACAD-66DA-42EA-9265-78594967BB87}.Release|Any CPU.ActiveCfg = Release|Any CPU
		{3EB8ACAD-66DA-42EA-9265-78594967BB87}.Release|Any CPU.Build.0 = Release|Any CPU
	EndGlobalSection
	GlobalSection(SolutionProperties) = preSolution
		HideSolutionNode = FALSE
	EndGlobalSection
	GlobalSection(ExtensibilityGlobals) = postSolution
		SolutionGuid = {2348D8C6-80BF-4D30-9517-BEB663345642}
	EndGlobalSection
EndGlobal
