
Microsoft Visual Studio Solution File, Format Version 12.00
# Visual Studio Version 17
VisualStudioVersion = 17.3.32825.248
MinimumVisualStudioVersion = 10.0.40219.1
Project("{FAE04EC0-301F-11D3-BF4B-00C04F79EFBC}") = "Bol5_Ejer1", "Bol5_Ejer1\Bol5_Ejer1.csproj", "{8238BD81-F430-4872-A437-5B23A2D24939}"
EndProject
Global
	GlobalSection(SolutionConfigurationPlatforms) = preSolution
		Debug|Any CPU = Debug|Any CPU
		Release|Any CPU = Release|Any CPU
	EndGlobalSection
	GlobalSection(ProjectConfigurationPlatforms) = postSolution
		{8238BD81-F430-4872-A437-5B23A2D24939}.Debug|Any CPU.ActiveCfg = Debug|Any CPU
		{8238BD81-F430-4872-A437-5B23A2D24939}.Debug|Any CPU.Build.0 = Debug|Any CPU
		{8238BD81-F430-4872-A437-5B23A2D24939}.Release|Any CPU.ActiveCfg = Release|Any CPU
		{8238BD81-F430-4872-A437-5B23A2D24939}.Release|Any CPU.Build.0 = Release|Any CPU
	EndGlobalSection
	GlobalSection(SolutionProperties) = preSolution
		HideSolutionNode = FALSE
	EndGlobalSection
	GlobalSection(ExtensibilityGlobals) = postSolution
		SolutionGuid = {DAC455B3-2E0C-45A1-A808-FFABD720324C}
	EndGlobalSection
EndGlobal
