
Microsoft Visual Studio Solution File, Format Version 12.00
# Visual Studio Version 17
VisualStudioVersion = 17.3.32825.248
MinimumVisualStudioVersion = 10.0.40219.1
Project("{FAE04EC0-301F-11D3-BF4B-00C04F79EFBC}") = "Bol4_Ejer4", "Bol4_Ejer4\Bol4_Ejer4.csproj", "{A95DA2B1-7147-49B1-A772-D88E00931126}"
EndProject
Global
	GlobalSection(SolutionConfigurationPlatforms) = preSolution
		Debug|Any CPU = Debug|Any CPU
		Release|Any CPU = Release|Any CPU
	EndGlobalSection
	GlobalSection(ProjectConfigurationPlatforms) = postSolution
		{A95DA2B1-7147-49B1-A772-D88E00931126}.Debug|Any CPU.ActiveCfg = Debug|Any CPU
		{A95DA2B1-7147-49B1-A772-D88E00931126}.Debug|Any CPU.Build.0 = Debug|Any CPU
		{A95DA2B1-7147-49B1-A772-D88E00931126}.Release|Any CPU.ActiveCfg = Release|Any CPU
		{A95DA2B1-7147-49B1-A772-D88E00931126}.Release|Any CPU.Build.0 = Release|Any CPU
	EndGlobalSection
	GlobalSection(SolutionProperties) = preSolution
		HideSolutionNode = FALSE
	EndGlobalSection
	GlobalSection(ExtensibilityGlobals) = postSolution
		SolutionGuid = {23D7D8F5-5396-45BB-91A4-FF18C9399FA3}
	EndGlobalSection
EndGlobal
