
Microsoft Visual Studio Solution File, Format Version 12.00
# Visual Studio Version 17
VisualStudioVersion = 17.3.32825.248
MinimumVisualStudioVersion = 10.0.40219.1
Project("{FAE04EC0-301F-11D3-BF4B-00C04F79EFBC}") = "Bol3_Ejer1", "Bol3_Ejer1\Bol3_Ejer1.csproj", "{5645F681-28D7-47D3-ACCD-9C9345053245}"
EndProject
Global
	GlobalSection(SolutionConfigurationPlatforms) = preSolution
		Debug|Any CPU = Debug|Any CPU
		Release|Any CPU = Release|Any CPU
	EndGlobalSection
	GlobalSection(ProjectConfigurationPlatforms) = postSolution
		{5645F681-28D7-47D3-ACCD-9C9345053245}.Debug|Any CPU.ActiveCfg = Debug|Any CPU
		{5645F681-28D7-47D3-ACCD-9C9345053245}.Debug|Any CPU.Build.0 = Debug|Any CPU
		{5645F681-28D7-47D3-ACCD-9C9345053245}.Release|Any CPU.ActiveCfg = Release|Any CPU
		{5645F681-28D7-47D3-ACCD-9C9345053245}.Release|Any CPU.Build.0 = Release|Any CPU
	EndGlobalSection
	GlobalSection(SolutionProperties) = preSolution
		HideSolutionNode = FALSE
	EndGlobalSection
	GlobalSection(ExtensibilityGlobals) = postSolution
		SolutionGuid = {5EAB5575-E39B-4A4E-8959-C8A5995342AD}
	EndGlobalSection
EndGlobal
