
Microsoft Visual Studio Solution File, Format Version 12.00
# Visual Studio Version 17
VisualStudioVersion = 17.3.32825.248
MinimumVisualStudioVersion = 10.0.40219.1
Project("{FAE04EC0-301F-11D3-BF4B-00C04F79EFBC}") = "Ejercicio4", "Ejercicio4\Ejercicio4.csproj", "{1A3FC5F8-3300-42F0-B596-F81AB0C6A57D}"
EndProject
Global
	GlobalSection(SolutionConfigurationPlatforms) = preSolution
		Debug|Any CPU = Debug|Any CPU
		Release|Any CPU = Release|Any CPU
	EndGlobalSection
	GlobalSection(ProjectConfigurationPlatforms) = postSolution
		{1A3FC5F8-3300-42F0-B596-F81AB0C6A57D}.Debug|Any CPU.ActiveCfg = Debug|Any CPU
		{1A3FC5F8-3300-42F0-B596-F81AB0C6A57D}.Debug|Any CPU.Build.0 = Debug|Any CPU
		{1A3FC5F8-3300-42F0-B596-F81AB0C6A57D}.Release|Any CPU.ActiveCfg = Release|Any CPU
		{1A3FC5F8-3300-42F0-B596-F81AB0C6A57D}.Release|Any CPU.Build.0 = Release|Any CPU
	EndGlobalSection
	GlobalSection(SolutionProperties) = preSolution
		HideSolutionNode = FALSE
	EndGlobalSection
	GlobalSection(ExtensibilityGlobals) = postSolution
		SolutionGuid = {E3FDC107-6224-4043-90FD-6B4C2A055522}
	EndGlobalSection
EndGlobal
