
Microsoft Visual Studio Solution File, Format Version 12.00
# Visual Studio Version 17
VisualStudioVersion = 17.3.32825.248
MinimumVisualStudioVersion = 10.0.40219.1
Project("{FAE04EC0-301F-11D3-BF4B-00C04F79EFBC}") = "Bol4_Ejer1", "Bol4_Ejer1\Bol4_Ejer1.csproj", "{98FCE96D-9CCD-4EF1-9621-CB98C4252ED7}"
EndProject
Global
	GlobalSection(SolutionConfigurationPlatforms) = preSolution
		Debug|Any CPU = Debug|Any CPU
		Release|Any CPU = Release|Any CPU
	EndGlobalSection
	GlobalSection(ProjectConfigurationPlatforms) = postSolution
		{98FCE96D-9CCD-4EF1-9621-CB98C4252ED7}.Debug|Any CPU.ActiveCfg = Debug|Any CPU
		{98FCE96D-9CCD-4EF1-9621-CB98C4252ED7}.Debug|Any CPU.Build.0 = Debug|Any CPU
		{98FCE96D-9CCD-4EF1-9621-CB98C4252ED7}.Release|Any CPU.ActiveCfg = Release|Any CPU
		{98FCE96D-9CCD-4EF1-9621-CB98C4252ED7}.Release|Any CPU.Build.0 = Release|Any CPU
	EndGlobalSection
	GlobalSection(SolutionProperties) = preSolution
		HideSolutionNode = FALSE
	EndGlobalSection
	GlobalSection(ExtensibilityGlobals) = postSolution
		SolutionGuid = {61D19852-4ED5-42DA-8502-9CA69AA19723}
	EndGlobalSection
EndGlobal
