
Microsoft Visual Studio Solution File, Format Version 12.00
# Visual Studio Version 17
VisualStudioVersion = 17.3.32825.248
MinimumVisualStudioVersion = 10.0.40219.1
Project("{9A19103F-16F7-4668-BE54-9A1E7A4F7556}") = "Bol5_Ejer9", "Bol5_Ejer7\Bol5_Ejer9.csproj", "{E2634A42-E98E-46E8-A3C2-777B9F57DA7B}"
EndProject
Global
	GlobalSection(SolutionConfigurationPlatforms) = preSolution
		Debug|Any CPU = Debug|Any CPU
		Release|Any CPU = Release|Any CPU
	EndGlobalSection
	GlobalSection(ProjectConfigurationPlatforms) = postSolution
		{E2634A42-E98E-46E8-A3C2-777B9F57DA7B}.Debug|Any CPU.ActiveCfg = Debug|Any CPU
		{E2634A42-E98E-46E8-A3C2-777B9F57DA7B}.Debug|Any CPU.Build.0 = Debug|Any CPU
		{E2634A42-E98E-46E8-A3C2-777B9F57DA7B}.Release|Any CPU.ActiveCfg = Release|Any CPU
		{E2634A42-E98E-46E8-A3C2-777B9F57DA7B}.Release|Any CPU.Build.0 = Release|Any CPU
	EndGlobalSection
	GlobalSection(SolutionProperties) = preSolution
		HideSolutionNode = FALSE
	EndGlobalSection
	GlobalSection(ExtensibilityGlobals) = postSolution
		SolutionGuid = {AD694CC4-0275-44DA-B46E-CA676EA79530}
	EndGlobalSection
EndGlobal
