
Microsoft Visual Studio Solution File, Format Version 12.00
# Visual Studio Version 17
VisualStudioVersion = 17.4.33122.133
MinimumVisualStudioVersion = 10.0.40219.1
Project("{FAE04EC0-301F-11D3-BF4B-00C04F79EFBC}") = "Components", "Bol7_Ejer2\Components.csproj", "{818FCBD7-249C-4612-BFA2-A5F098C8B879}"
EndProject
Project("{FAE04EC0-301F-11D3-BF4B-00C04F79EFBC}") = "FormEjer2", "FormEjer2\FormEjer2.csproj", "{055B3E56-A5B1-49A4-BF9A-D9D086235D04}"
EndProject
Global
	GlobalSection(SolutionConfigurationPlatforms) = preSolution
		Debug|Any CPU = Debug|Any CPU
		Release|Any CPU = Release|Any CPU
	EndGlobalSection
	GlobalSection(ProjectConfigurationPlatforms) = postSolution
		{818FCBD7-249C-4612-BFA2-A5F098C8B879}.Debug|Any CPU.ActiveCfg = Debug|Any CPU
		{818FCBD7-249C-4612-BFA2-A5F098C8B879}.Debug|Any CPU.Build.0 = Debug|Any CPU
		{818FCBD7-249C-4612-BFA2-A5F098C8B879}.Release|Any CPU.ActiveCfg = Release|Any CPU
		{818FCBD7-249C-4612-BFA2-A5F098C8B879}.Release|Any CPU.Build.0 = Release|Any CPU
		{055B3E56-A5B1-49A4-BF9A-D9D086235D04}.Debug|Any CPU.ActiveCfg = Debug|Any CPU
		{055B3E56-A5B1-49A4-BF9A-D9D086235D04}.Debug|Any CPU.Build.0 = Debug|Any CPU
		{055B3E56-A5B1-49A4-BF9A-D9D086235D04}.Release|Any CPU.ActiveCfg = Release|Any CPU
		{055B3E56-A5B1-49A4-BF9A-D9D086235D04}.Release|Any CPU.Build.0 = Release|Any CPU
	EndGlobalSection
	GlobalSection(SolutionProperties) = preSolution
		HideSolutionNode = FALSE
	EndGlobalSection
	GlobalSection(ExtensibilityGlobals) = postSolution
		SolutionGuid = {C2D6CDB2-43DD-4A48-9CD1-8CD66D2107D5}
	EndGlobalSection
EndGlobal
