
Microsoft Visual Studio Solution File, Format Version 12.00
# Visual Studio Version 17
VisualStudioVersion = 17.4.33205.214
MinimumVisualStudioVersion = 10.0.40219.1
Project("{FAE04EC0-301F-11D3-BF4B-00C04F79EFBC}") = "Bol7_Ejer3", "Bol7_Ejer3\Bol7_Ejer3.csproj", "{989B8B3F-DFB4-472D-B9E6-3EF164F1D999}"
EndProject
Project("{FAE04EC0-301F-11D3-BF4B-00C04F79EFBC}") = "Form3", "Form3\Form3.csproj", "{6C5A2D08-93CC-4A91-B7C1-AE6A24BA57B1}"
EndProject
Global
	GlobalSection(SolutionConfigurationPlatforms) = preSolution
		Debug|Any CPU = Debug|Any CPU
		Release|Any CPU = Release|Any CPU
	EndGlobalSection
	GlobalSection(ProjectConfigurationPlatforms) = postSolution
		{989B8B3F-DFB4-472D-B9E6-3EF164F1D999}.Debug|Any CPU.ActiveCfg = Debug|Any CPU
		{989B8B3F-DFB4-472D-B9E6-3EF164F1D999}.Debug|Any CPU.Build.0 = Debug|Any CPU
		{989B8B3F-DFB4-472D-B9E6-3EF164F1D999}.Release|Any CPU.ActiveCfg = Release|Any CPU
		{989B8B3F-DFB4-472D-B9E6-3EF164F1D999}.Release|Any CPU.Build.0 = Release|Any CPU
		{6C5A2D08-93CC-4A91-B7C1-AE6A24BA57B1}.Debug|Any CPU.ActiveCfg = Debug|Any CPU
		{6C5A2D08-93CC-4A91-B7C1-AE6A24BA57B1}.Debug|Any CPU.Build.0 = Debug|Any CPU
		{6C5A2D08-93CC-4A91-B7C1-AE6A24BA57B1}.Release|Any CPU.ActiveCfg = Release|Any CPU
		{6C5A2D08-93CC-4A91-B7C1-AE6A24BA57B1}.Release|Any CPU.Build.0 = Release|Any CPU
	EndGlobalSection
	GlobalSection(SolutionProperties) = preSolution
		HideSolutionNode = FALSE
	EndGlobalSection
	GlobalSection(ExtensibilityGlobals) = postSolution
		SolutionGuid = {F28EB097-6B12-4394-867F-F1617B03E52A}
	EndGlobalSection
EndGlobal
