
Microsoft Visual Studio Solution File, Format Version 12.00
# Visual Studio Version 17
VisualStudioVersion = 17.3.32825.248
MinimumVisualStudioVersion = 10.0.40219.1
Project("{FAE04EC0-301F-11D3-BF4B-00C04F79EFBC}") = "Bol4_Ejer1.1", "Bol4_Ejer1.1\Bol4_Ejer1.1.csproj", "{B8472B61-1116-4768-B609-F2D0ED2FFA6D}"
EndProject
Global
	GlobalSection(SolutionConfigurationPlatforms) = preSolution
		Debug|Any CPU = Debug|Any CPU
		Release|Any CPU = Release|Any CPU
	EndGlobalSection
	GlobalSection(ProjectConfigurationPlatforms) = postSolution
		{B8472B61-1116-4768-B609-F2D0ED2FFA6D}.Debug|Any CPU.ActiveCfg = Debug|Any CPU
		{B8472B61-1116-4768-B609-F2D0ED2FFA6D}.Debug|Any CPU.Build.0 = Debug|Any CPU
		{B8472B61-1116-4768-B609-F2D0ED2FFA6D}.Release|Any CPU.ActiveCfg = Release|Any CPU
		{B8472B61-1116-4768-B609-F2D0ED2FFA6D}.Release|Any CPU.Build.0 = Release|Any CPU
	EndGlobalSection
	GlobalSection(SolutionProperties) = preSolution
		HideSolutionNode = FALSE
	EndGlobalSection
	GlobalSection(ExtensibilityGlobals) = postSolution
		SolutionGuid = {1F7A55E8-875D-4864-8663-8CEF1DD1F22C}
	EndGlobalSection
EndGlobal
